# This file is automatically @generated by Poetry 1.8.2 and should not be changed by hand.

[[package]]
name = "dspy"
version = "0.1.4"
description = "Placeholder package for DSPy"
optional = false
python-versions = "<4.0,>=3.3"
files = [
    {file = "dspy-0.1.4-py3-none-any.whl", hash = "sha256:ff4f73790e5371e9e98e16a04ac6ce95419844efbb587aefca68ad28b37f988c"},
    {file = "dspy-0.1.4.tar.gz", hash = "sha256:651b0dc15c0ebe8474ed19cc7790aef29c9e29afcc69e267c126e033879b7aed"},
]

[metadata]
lock-version = "2.0"
python-versions = "^3.12"
content-hash = "85fb6de701988bdd29a66413486030edac403538bd3040c6d1c7c5e6e561a47c"
